
Microsoft Visual Studio Solution File, Format Version 12.00
# Visual Studio Version 16
VisualStudioVersion = 16.0.29613.14
MinimumVisualStudioVersion = 10.0.40219.1
Project("{9A19103F-16F7-4668-BE54-9A1E7A4F7556}") = "WebApiTest.Api", "WebApiTest.Api\WebApiTest.Api.csproj", "{990CCC1E-7087-45CE-9552-708E7EA32EF3}"
EndProject
Global
	GlobalSection(SolutionConfigurationPlatforms) = preSolution
		Debug|Any CPU = Debug|Any CPU
		Release|Any CPU = Release|Any CPU
	EndGlobalSection
	GlobalSection(ProjectConfigurationPlatforms) = postSolution
		{990CCC1E-7087-45CE-9552-708E7EA32EF3}.Debug|Any CPU.ActiveCfg = Debug|Any CPU
		{990CCC1E-7087-45CE-9552-708E7EA32EF3}.Debug|Any CPU.Build.0 = Debug|Any CPU
		{990CCC1E-7087-45CE-9552-708E7EA32EF3}.Release|Any CPU.ActiveCfg = Release|Any CPU
		{990CCC1E-7087-45CE-9552-708E7EA32EF3}.Release|Any CPU.Build.0 = Release|Any CPU
	EndGlobalSection
	GlobalSection(SolutionProperties) = preSolution
		HideSolutionNode = FALSE
	EndGlobalSection
	GlobalSection(ExtensibilityGlobals) = postSolution
		SolutionGuid = {76F69998-D591-4559-8593-8D74053D1BCE}
	EndGlobalSection
EndGlobal
